Microsoft Visual Studio Solution File, Format Version 12.00
# Visual Studio Version 17
VisualStudioVersion = 17.5.2.0
MinimumVisualStudioVersion = 10.0.40219.1
Project("{2150E333-8FDC-42A3-9474-1A3956D46DE8}") = "bridge", "bridge", "{68BF4094-9419-05A7-776B-98D5B493D877}"
EndProject
Project("{FAE04EC0-301F-11D3-BF4B-00C04F79EFBC}") = "MyApp", "bridge\MyApp\MyApp.csproj", "{180506A4-B7D7-D47B-A981-EF14429E8034}"
EndProject
Global
	GlobalSection(SolutionConfigurationPlatforms) = preSolution
		Debug|Any CPU = Debug|Any CPU
		Release|Any CPU = Release|Any CPU
	EndGlobalSection
	GlobalSection(ProjectConfigurationPlatforms) = postSolution
		{180506A4-B7D7-D47B-A981-EF14429E8034}.Debug|Any CPU.ActiveCfg = Debug|Any CPU
		{180506A4-B7D7-D47B-A981-EF14429E8034}.Debug|Any CPU.Build.0 = Debug|Any CPU
		{180506A4-B7D7-D47B-A981-EF14429E8034}.Release|Any CPU.ActiveCfg = Release|Any CPU
		{180506A4-B7D7-D47B-A981-EF14429E8034}.Release|Any CPU.Build.0 = Release|Any CPU
	EndGlobalSection
	GlobalSection(SolutionProperties) = preSolution
		HideSolutionNode = FALSE
	EndGlobalSection
	GlobalSection(NestedProjects) = preSolution
		{180506A4-B7D7-D47B-A981-EF14429E8034} = {68BF4094-9419-05A7-776B-98D5B493D877}
	EndGlobalSection
	GlobalSection(ExtensibilityGlobals) = postSolution
		SolutionGuid = {99769462-0B52-4099-884F-6028270C9691}
	EndGlobalSection
EndGlobal
